
Microsoft Visual Studio Solution File, Format Version 12.00
# Visual Studio Version 17
VisualStudioVersion = 17.4.33103.184
MinimumVisualStudioVersion = 10.0.40219.1
Project("{FAE04EC0-301F-11D3-BF4B-00C04F79EFBC}") = "bankingAPP_VS", "bankingAPP_VS\bankingAPP_VS.csproj", "{89A53E12-C237-4775-920E-4C09072FA199}"
EndProject
Global
	GlobalSection(SolutionConfigurationPlatforms) = preSolution
		Debug|Any CPU = Debug|Any CPU
		Release|Any CPU = Release|Any CPU
	EndGlobalSection
	GlobalSection(ProjectConfigurationPlatforms) = postSolution
		{89A53E12-C237-4775-920E-4C09072FA199}.Debug|Any CPU.ActiveCfg = Debug|Any CPU
		{89A53E12-C237-4775-920E-4C09072FA199}.Debug|Any CPU.Build.0 = Debug|Any CPU
		{89A53E12-C237-4775-920E-4C09072FA199}.Release|Any CPU.ActiveCfg = Release|Any CPU
		{89A53E12-C237-4775-920E-4C09072FA199}.Release|Any CPU.Build.0 = Release|Any CPU
	EndGlobalSection
	GlobalSection(SolutionProperties) = preSolution
		HideSolutionNode = FALSE
	EndGlobalSection
	GlobalSection(ExtensibilityGlobals) = postSolution
		SolutionGuid = {B226FBA3-4917-4CF9-BD08-EAAB6875425C}
	EndGlobalSection
EndGlobal
